// !$*UTF8*$!
{
	archiveVersion = 1;
	classes = {
	};
	objectVersion = 50;
	objects = {

/* Begin PBXBuildFile section */
		1526AF5626CEE4AE007DC783 /* AppDelegate.swift in Sources */ = {isa = PBXBuildFile; fileRef = 1526AF5526CEE4AE007DC783 /* AppDelegate.swift */; };
		1526AF5826CEE4AE007DC783 /* SceneDelegate.swift in Sources */ = {isa = PBXBuildFile; fileRef = 1526AF5726CEE4AE007DC783 /* SceneDelegate.swift */; };
		1526AF5A26CEE4AE007DC783 /* ViewController.swift in Sources */ = {isa = PBXBuildFile; fileRef = 1526AF5926CEE4AE007DC783 /* ViewController.swift */; };
		1526AF5D26CEE4AE007DC783 /* Main.storyboard in Resources */ = {isa = PBXBuildFile; fileRef = 1526AF5B26CEE4AE007DC783 /* Main.storyboard */; };
		1526AF5F26CEE4B1007DC783 /* Assets.xcassets in Resources */ = {isa = PBXBuildFile; fileRef = 1526AF5E26CEE4B1007DC783 /* Assets.xcassets */; };
		1526AF6226CEE4B1007DC783 /* LaunchScreen.storyboard in Resources */ = {isa = PBXBuildFile; fileRef = 1526AF6026CEE4B1007DC783 /* LaunchScreen.storyboard */; };
/* End PBXBuildFile section */

/* Begin PBXFileReference section */
		1526AF5226CEE4AE007DC783 /* GRPC_test_app.app */ = {isa = PBXFileReference; explicitFileType = wrapper.application; includeInIndex = 0; path = GRPC_test_app.app; sourceTree = BUILT_PRODUCTS_DIR; };
		1526AF5526CEE4AE007DC783 /* AppDelegate.swift */ = {isa = PBXFileReference; lastKnownFileType = sourcecode.swift; path = AppDelegate.swift; sourceTree = "<group>"; };
		1526AF5726CEE4AE007DC783 /* SceneDelegate.swift */ = {isa = PBXFileReference; lastKnownFileType = sourcecode.swift; path = SceneDelegate.swift; sourceTree = "<group>"; };
		1526AF5926CEE4AE007DC783 /* ViewController.swift */ = {isa = PBXFileReference; lastKnownFileType = sourcecode.swift; path = ViewController.swift; sourceTree = "<group>"; };
		1526AF5C26CEE4AE007DC783 /* Base */ = {isa = PBXFileReference; lastKnownFileType = file.storyboard; name = Base; path = Base.lproj/Main.storyboard; sourceTree = "<group>"; };
		1526AF5E26CEE4B1007DC783 /* Assets.xcassets */ = {isa = PBXFileReference; lastKnownFileType = folder.assetcatalog; path = Assets.xcassets; sourceTree = "<group>"; };
		1526AF6126CEE4B1007DC783 /* Base */ = {isa = PBXFileReference; lastKnownFileType = file.storyboard; name = Base; path = Base.lproj/LaunchScreen.storyboard; sourceTree = "<group>"; };
		1526AF6326CEE4B1007DC783 /* Info.plist */ = {isa = PBXFileReference; lastKnownFileType = text.plist.xml; path = Info.plist; sourceTree = "<group>"; };
/* End PBXFileReference section */

/* Begin PBXFrameworksBuildPhase section */
		1526AF4F26CEE4AE007DC783 /* Frameworks */ = {
			isa = PBXFrameworksBuildPhase;
			buildActionMask = 2147483647;
			files = (
			);
			runOnlyForDeploymentPostprocessing = 0;
		};
/* End PBXFrameworksBuildPhase section */

/* Begin PBXGroup section */
		1526AF4926CEE4AD007DC783 = {
			isa = PBXGroup;
			children = (
				1526AF5426CEE4AE007DC783 /* GRPC_test_app */,
				1526AF5326CEE4AE007DC783 /* Products */,
			);
			sourceTree = "<group>";
		};
		1526AF5326CEE4AE007DC783 /* Products */ = {
			isa = PBXGroup;
			children = (
				1526AF5226CEE4AE007DC783 /* GRPC_test_app.app */,
			);
			name = Products;
			sourceTree = "<group>";
		};
		1526AF5426CEE4AE007DC783 /* GRPC_test_app */ = {
			isa = PBXGroup;
			children = (
				1526AF5526CEE4AE007DC783 /* AppDelegate.swift */,
				1526AF5726CEE4AE007DC783 /* SceneDelegate.swift */,
				1526AF5926CEE4AE007DC783 /* ViewController.swift */,
				1526AF5B26CEE4AE007DC783 /* Main.storyboard */,
				1526AF5E26CEE4B1007DC783 /* Assets.xcassets */,
				1526AF6026CEE4B1007DC783 /* LaunchScreen.storyboard */,
				1526AF6326CEE4B1007DC783 /* Info.plist */,
			);
			path = GRPC_test_app;
			sourceTree = "<group>";
		};
/* End PBXGroup section */

/* Begin PBXNativeTarget section */
		1526AF5126CEE4AE007DC783 /* GRPC_test_app */ = {
			isa = PBXNativeTarget;
			buildConfigurationList = 1526AF6626CEE4B1007DC783 /* Build configuration list for PBXNativeTarget "GRPC_test_app" */;
			buildPhases = (
				1526AF4E26CEE4AE007DC783 /* Sources */,
				1526AF4F26CEE4AE007DC783 /* Frameworks */,
				1526AF5026CEE4AE007DC783 /* Resources */,
			);
			buildRules = (
			);
			dependencies = (
			);
			name = GRPC_test_app;
			productName = GRPC_test_app;
			productReference = 1526AF5226CEE4AE007DC783 /* GRPC_test_app.app */;
			productType = "com.apple.product-type.application";
		};
/* End PBXNativeTarget section */

/* Begin PBXProject section */
		1526AF4A26CEE4AD007DC783 /* Project object */ = {
			isa = PBXProject;
			attributes = {
				LastSwiftUpdateCheck = 1250;
				LastUpgradeCheck = 1250;
				TargetAttributes = {
					1526AF5126CEE4AE007DC783 = {
						CreatedOnToolsVersion = 12.5.1;
					};
				};
			};
			buildConfigurationList = 1526AF4D26CEE4AD007DC783 /* Build configuration list for PBXProject "GRPC_test_app" */;
			compatibilityVersion = "Xcode 9.3";
			developmentRegion = en;
			hasScannedForEncodings = 0;
			knownRegions = (
				en,
				Base,
			);
			mainGroup = 1526AF4926CEE4AD007DC783;
			productRefGroup = 1526AF5326CEE4AE007DC783 /* Products */;
			projectDirPath = "";
			projectRoot = "";
			targets = (
				1526AF5126CEE4AE007DC783 /* GRPC_test_app */,
			);
		};
/* End PBXProject section */

/* Begin PBXResourcesBuildPhase section */
		1526AF5026CEE4AE007DC783 /* Resources */ = {
			isa = PBXResourcesBuildPhase;
			buildActionMask = 2147483647;
			files = (
				1526AF6226CEE4B1007DC783 /* LaunchScreen.storyboard in Resources */,
				1526AF5F26CEE4B1007DC783 /* Assets.xcassets in Resources */,
				1526AF5D26CEE4AE007DC783 /* Main.storyboard in Resources */,
			);
			runOnlyForDeploymentPostprocessing = 0;
		};
/* End PBXResourcesBuildPhase section */

/* Begin PBXSourcesBuildPhase section */
		1526AF4E26CEE4AE007DC783 /* Sources */ = {
			isa = PBXSourcesBuildPhase;
			buildActionMask = 2147483647;
			files = (
				1526AF5A26CEE4AE007DC783 /* ViewController.swift in Sources */,
				1526AF5626CEE4AE007DC783 /* AppDelegate.swift in Sources */,
				1526AF5826CEE4AE007DC783 /* SceneDelegate.swift in Sources */,
			);
			runOnlyForDeploymentPostprocessing = 0;
		};
/* End PBXSourcesBuildPhase section */

/* Begin PBXVariantGroup section */
		1526AF5B26CEE4AE007DC783 /* Main.storyboard */ = {
			isa = PBXVariantGroup;
			children = (
				1526AF5C26CEE4AE007DC783 /* Base */,
			);
			name = Main.storyboard;
			sourceTree = "<group>";
		};
		1526AF6026CEE4B1007DC783 /* LaunchScreen.storyboard */ = {
			isa = PBXVariantGroup;
			children = (
				1526AF6126CEE4B1007DC783 /* Base */,
			);
			name = LaunchScreen.storyboard;
			sourceTree = "<group>";
		};
/* End PBXVariantGroup section */

/* Begin XCBuildConfiguration section */
		1526AF6426CEE4B1007DC783 /* Debug */ = {
			isa = XCBuildConfiguration;
			buildSettings = {
				ALWAYS_SEARCH_USER_PATHS = NO;
				CLANG_ANALYZER_NONNULL = YES;
				CLANG_ANALYZER_NUMBER_OBJECT_CONVERSION = YES_AGGRESSIVE;
				CLANG_CXX_LANGUAGE_STANDARD = "gnu++14";
				CLANG_CXX_LIBRARY = "libc++";
				CLANG_ENABLE_MODULES = YES;
				CLANG_ENABLE_OBJC_ARC = YES;
				CLANG_ENABLE_OBJC_WEAK = YES;
				CLANG_WARN_BLOCK_CAPTURE_AUTORELEASING = YES;
				CLANG_WARN_BOOL_CONVERSION = YES;
				CLANG_WARN_COMMA = YES;
				CLANG_WARN_CONSTANT_CONVERSION = YES;
				CLANG_WARN_DEPRECATED_OBJC_IMPLEMENTATIONS = YES;
				CLANG_WARN_DIRECT_OBJC_ISA_USAGE = YES_ERROR;
				CLANG_WARN_DOCUMENTATION_COMMENTS = YES;
				CLANG_WARN_EMPTY_BODY = YES;
				CLANG_WARN_ENUM_CONVERSION = YES;
				CLANG_WARN_INFINITE_RECURSION = YES;
				CLANG_WARN_INT_CONVERSION = YES;
				CLANG_WARN_NON_LITERAL_NULL_CONVERSION = YES;
				CLANG_WARN_OBJC_IMPLICIT_RETAIN_SELF = YES;
				CLANG_WARN_OBJC_LITERAL_CONVERSION = YES;
				CLANG_WARN_OBJC_ROOT_CLASS = YES_ERROR;
				CLANG_WARN_QUOTED_INCLUDE_IN_FRAMEWORK_HEADER = YES;
				CLANG_WARN_RANGE_LOOP_ANALYSIS = YES;
				CLANG_WARN_STRICT_PROTOTYPES = YES;
				CLANG_WARN_SUSPICIOUS_MOVE = YES;
				CLANG_WARN_UNGUARDED_AVAILABILITY = YES_AGGRESSIVE;
				CLANG_WARN_UNREACHABLE_CODE = YES;
				CLANG_WARN__DUPLICATE_METHOD_MATCH = YES;
				COPY_PHASE_STRIP = NO;
				DEBUG_INFORMATION_FORMAT = dwarf;
				ENABLE_STRICT_OBJC_MSGSEND = YES;
				ENABLE_TESTABILITY = YES;
				GCC_C_LANGUAGE_STANDARD = gnu11;
				GCC_DYNAMIC_NO_PIC = NO;
				GCC_NO_COMMON_BLOCKS = YES;
				GCC_OPTIMIZATION_LEVEL = 0;
				GCC_PREPROCESSOR_DEFINITIONS = (
					"DEBUG=1",
					"$(inherited)",
				);
				GCC_WARN_64_TO_32_BIT_CONVERSION = YES;
				GCC_WARN_ABOUT_RETURN_TYPE = YES_ERROR;
				GCC_WARN_UNDECLARED_SELECTOR = YES;
				GCC_WARN_UNINITIALIZED_AUTOS = YES_AGGRESSIVE;
				GCC_WARN_UNUSED_FUNCTION = YES;
				GCC_WARN_UNUSED_VARIABLE = YES;
				IPHONEOS_DEPLOYMENT_TARGET = 14.5;
				MTL_ENABLE_DEBUG_INFO = INCLUDE_SOURCE;
				MTL_FAST_MATH = YES;
				ONLY_ACTIVE_ARCH = YES;
				SDKROOT = iphoneos;
				SWIFT_ACTIVE_COMPILATION_CONDITIONS = DEBUG;
				SWIFT_OPTIMIZATION_LEVEL = "-Onone";
			};
			name = Debug;
		};
		1526AF6526CEE4B1007DC783 /* Release */ = {
			isa = XCBuildConfiguration;
			buildSettings = {
				ALWAYS_SEARCH_USER_PATHS = NO;
				CLANG_ANALYZER_NONNULL = YES;
				CLANG_ANALYZER_NUMBER_OBJECT_CONVERSION = YES_AGGRESSIVE;
				CLANG_CXX_LANGUAGE_STANDARD = "gnu++14";
				CLANG_CXX_LIBRARY = "libc++";
				CLANG_ENABLE_MODULES = YES;
				CLANG_ENABLE_OBJC_ARC = YES;
				CLANG_ENABLE_OBJC_WEAK = YES;
				CLANG_WARN_BLOCK_CAPTURE_AUTORELEASING = YES;
				CLANG_WARN_BOOL_CONVERSION = YES;
				CLANG_WARN_COMMA = YES;
				CLANG_WARN_CONSTANT_CONVERSION = YES;
				CLANG_WARN_DEPRECATED_OBJC_IMPLEMENTATIONS = YES;
				CLANG_WARN_DIRECT_OBJC_ISA_USAGE = YES_ERROR;
				CLANG_WARN_DOCUMENTATION_COMMENTS = YES;
				CLANG_WARN_EMPTY_BODY = YES;
				CLANG_WARN_ENUM_CONVERSION = YES;
				CLANG_WARN_INFINITE_RECURSION = YES;
				CLANG_WARN_INT_CONVERSION = YES;
				CLANG_WARN_NON_LITERAL_NULL_CONVERSION = YES;
				CLANG_WARN_OBJC_IMPLICIT_RETAIN_SELF = YES;
				CLANG_WARN_OBJC_LITERAL_CONVERSION = YES;
				CLANG_WARN_OBJC_ROOT_CLASS = YES_ERROR;
				CLANG_WARN_QUOTED_INCLUDE_IN_FRAMEWORK_HEADER = YES;
				CLANG_WARN_RANGE_LOOP_ANALYSIS = YES;
				CLANG_WARN_STRICT_PROTOTYPES = YES;
				CLANG_WARN_SUSPICIOUS_MOVE = YES;
				CLANG_WARN_UNGUARDED_AVAILABILITY = YES_AGGRESSIVE;
				CLANG_WARN_UNREACHABLE_CODE = YES;
				CLANG_WARN__DUPLICATE_METHOD_MATCH = YES;
				COPY_PHASE_STRIP = NO;
				DEBUG_INFORMATION_FORMAT = "dwarf-with-dsym";
				ENABLE_NS_ASSERTIONS = NO;
				ENABLE_STRICT_OBJC_MSGSEND = YES;
				GCC_C_LANGUAGE_STANDARD = gnu11;
				GCC_NO_COMMON_BLOCKS = YES;
				GCC_WARN_64_TO_32_BIT_CONVERSION = YES;
				GCC_WARN_ABOUT_RETURN_TYPE = YES_ERROR;
				GCC_WARN_UNDECLARED_SELECTOR = YES;
				GCC_WARN_UNINITIALIZED_AUTOS = YES_AGGRESSIVE;
				GCC_WARN_UNUSED_FUNCTION = YES;
				GCC_WARN_UNUSED_VARIABLE = YES;
				IPHONEOS_DEPLOYMENT_TARGET = 14.5;
				MTL_ENABLE_DEBUG_INFO = NO;
				MTL_FAST_MATH = YES;
				SDKROOT = iphoneos;
				SWIFT_COMPILATION_MODE = wholemodule;
				SWIFT_OPTIMIZATION_LEVEL = "-O";
				VALIDATE_PRODUCT = YES;
			};
			name = Release;
		};
		1526AF6726CEE4B1007DC783 /* Debug */ = {
			isa = XCBuildConfiguration;
			buildSettings = {
				ASSETCATALOG_COMPILER_APPICON_NAME = AppIcon;
				ASSETCATALOG_COMPILER_GLOBAL_ACCENT_COLOR_NAME = AccentColor;
				CODE_SIGN_STYLE = Automatic;
				DEVELOPMENT_TEAM = ST2UTHBX5Z;
				INFOPLIST_FILE = GRPC_test_app/Info.plist;
				LD_RUNPATH_SEARCH_PATHS = (
					"$(inherited)",
					"@executable_path/Frameworks",
				);
				PRODUCT_BUNDLE_IDENTIFIER = "com.petros.GRPC-test-app";
				PRODUCT_NAME = "$(TARGET_NAME)";
				SWIFT_VERSION = 5.0;
				TARGETED_DEVICE_FAMILY = "1,2";
			};
			name = Debug;
		};
		1526AF6826CEE4B1007DC783 /* Release */ = {
			isa = XCBuildConfiguration;
			buildSettings = {
				ASSETCATALOG_COMPILER_APPICON_NAME = AppIcon;
				ASSETCATALOG_COMPILER_GLOBAL_ACCENT_COLOR_NAME = AccentColor;
				CODE_SIGN_STYLE = Automatic;
				DEVELOPMENT_TEAM = ST2UTHBX5Z;
				INFOPLIST_FILE = GRPC_test_app/Info.plist;
				LD_RUNPATH_SEARCH_PATHS = (
					"$(inherited)",
					"@executable_path/Frameworks",
				);
				PRODUCT_BUNDLE_IDENTIFIER = "com.petros.GRPC-test-app";
				PRODUCT_NAME = "$(TARGET_NAME)";
				SWIFT_VERSION = 5.0;
				TARGETED_DEVICE_FAMILY = "1,2";
			};
			name = Release;
		};
/* End XCBuildConfiguration section */

/* Begin XCConfigurationList section */
		1526AF4D26CEE4AD007DC783 /* Build configuration list for PBXProject "GRPC_test_app" */ = {
			isa = XCConfigurationList;
			buildConfigurations = (
				1526AF6426CEE4B1007DC783 /* Debug */,
				1526AF6526CEE4B1007DC783 /* Release */,
			);
			defaultConfigurationIsVisible = 0;
			defaultConfigurationName = Release;
		};
		1526AF6626CEE4B1007DC783 /* Build configuration list for PBXNativeTarget "GRPC_test_app" */ = {
			isa = XCConfigurationList;
			buildConfigurations = (
				1526AF6726CEE4B1007DC783 /* Debug */,
				1526AF6826CEE4B1007DC783 /* Release */,
			);
			defaultConfigurationIsVisible = 0;
			defaultConfigurationName = Release;
		};
/* End XCConfigurationList section */
	};
	rootObject = 1526AF4A26CEE4AD007DC783 /* Project object */;
}
